
Microsoft Visual Studio Solution File, Format Version 12.00
# Visual Studio Version 17
VisualStudioVersion = 17.2.32630.192
MinimumVisualStudioVersion = 10.0.40219.1
Project("{FAE04EC0-301F-11D3-BF4B-00C04F79EFBC}") = "ConsoleAppOgrenci", "ConsoleAppOgrenci\ConsoleAppOgrenci.csproj", "{0A1EE03F-C672-425E-848C-FDA37115E555}"
EndProject
Global
	GlobalSection(SolutionConfigurationPlatforms) = preSolution
		Debug|Any CPU = Debug|Any CPU
		Release|Any CPU = Release|Any CPU
	EndGlobalSection
	GlobalSection(ProjectConfigurationPlatforms) = postSolution
		{0A1EE03F-C672-425E-848C-FDA37115E555}.Debug|Any CPU.ActiveCfg = Debug|Any CPU
		{0A1EE03F-C672-425E-848C-FDA37115E555}.Debug|Any CPU.Build.0 = Debug|Any CPU
		{0A1EE03F-C672-425E-848C-FDA37115E555}.Release|Any CPU.ActiveCfg = Release|Any CPU
		{0A1EE03F-C672-425E-848C-FDA37115E555}.Release|Any CPU.Build.0 = Release|Any CPU
	EndGlobalSection
	GlobalSection(SolutionProperties) = preSolution
		HideSolutionNode = FALSE
	EndGlobalSection
	GlobalSection(ExtensibilityGlobals) = postSolution
		SolutionGuid = {6260DDD4-F99E-4D2F-9143-1472DEE8E8CC}
	EndGlobalSection
EndGlobal
